// !$*UTF8*$!
{
	archiveVersion = 1;
	classes = {
	};
	objectVersion = 50;
	objects = {

/* Begin PBXBuildFile section */
		046CB55023F1125300519A21 /* AppDelegate.swift in Sources */ = {isa = PBXBuildFile; fileRef = 046CB54F23F1125300519A21 /* AppDelegate.swift */; };
		046CB55223F1125300519A21 /* SceneDelegate.swift in Sources */ = {isa = PBXBuildFile; fileRef = 046CB55123F1125300519A21 /* SceneDelegate.swift */; };
		046CB55423F1125300519A21 /* ViewController.swift in Sources */ = {isa = PBXBuildFile; fileRef = 046CB55323F1125300519A21 /* ViewController.swift */; };
		046CB55723F1125300519A21 /* Main.storyboard in Resources */ = {isa = PBXBuildFile; fileRef = 046CB55523F1125300519A21 /* Main.storyboard */; };
		046CB55A23F1125300519A21 /* putraaa.xcdatamodeld in Sources */ = {isa = PBXBuildFile; fileRef = 046CB55823F1125300519A21 /* putraaa.xcdatamodeld */; };
		046CB55C23F1125600519A21 /* Assets.xcassets in Resources */ = {isa = PBXBuildFile; fileRef = 046CB55B23F1125600519A21 /* Assets.xcassets */; };
		046CB55F23F1125600519A21 /* LaunchScreen.storyboard in Resources */ = {isa = PBXBuildFile; fileRef = 046CB55D23F1125600519A21 /* LaunchScreen.storyboard */; };
/* End PBXBuildFile section */

/* Begin PBXFileReference section */
		046CB54C23F1125300519A21 /* putraaa.app */ = {isa = PBXFileReference; explicitFileType = wrapper.application; includeInIndex = 0; path = putraaa.app; sourceTree = BUILT_PRODUCTS_DIR; };
		046CB54F23F1125300519A21 /* AppDelegate.swift */ = {isa = PBXFileReference; lastKnownFileType = sourcecode.swift; path = AppDelegate.swift; sourceTree = "<group>"; };
		046CB55123F1125300519A21 /* SceneDelegate.swift */ = {isa = PBXFileReference; lastKnownFileType = sourcecode.swift; path = SceneDelegate.swift; sourceTree = "<group>"; };
		046CB55323F1125300519A21 /* ViewController.swift */ = {isa = PBXFileReference; lastKnownFileType = sourcecode.swift; path = ViewController.swift; sourceTree = "<group>"; };
		046CB55623F1125300519A21 /* Base */ = {isa = PBXFileReference; lastKnownFileType = file.storyboard; name = Base; path = Base.lproj/Main.storyboard; sourceTree = "<group>"; };
		046CB55923F1125300519A21 /* putraaa.xcdatamodel */ = {isa = PBXFileReference; lastKnownFileType = wrapper.xcdatamodel; path = putraaa.xcdatamodel; sourceTree = "<group>"; };
		046CB55B23F1125600519A21 /* Assets.xcassets */ = {isa = PBXFileReference; lastKnownFileType = folder.assetcatalog; path = Assets.xcassets; sourceTree = "<group>"; };
		046CB55E23F1125600519A21 /* Base */ = {isa = PBXFileReference; lastKnownFileType = file.storyboard; name = Base; path = Base.lproj/LaunchScreen.storyboard; sourceTree = "<group>"; };
		046CB56023F1125600519A21 /* Info.plist */ = {isa = PBXFileReference; lastKnownFileType = text.plist.xml; path = Info.plist; sourceTree = "<group>"; };
/* End PBXFileReference section */

/* Begin PBXFrameworksBuildPhase section */
		046CB54923F1125300519A21 /* Frameworks */ = {
			isa = PBXFrameworksBuildPhase;
			buildActionMask = 2147483647;
			files = (
			);
			runOnlyForDeploymentPostprocessing = 0;
		};
/* End PBXFrameworksBuildPhase section */

/* Begin PBXGroup section */
		046CB54323F1125300519A21 = {
			isa = PBXGroup;
			children = (
				046CB54E23F1125300519A21 /* putraaa */,
				046CB54D23F1125300519A21 /* Products */,
			);
			sourceTree = "<group>";
		};
		046CB54D23F1125300519A21 /* Products */ = {
			isa = PBXGroup;
			children = (
				046CB54C23F1125300519A21 /* putraaa.app */,
			);
			name = Products;
			sourceTree = "<group>";
		};
		046CB54E23F1125300519A21 /* putraaa */ = {
			isa = PBXGroup;
			children = (
				046CB54F23F1125300519A21 /* AppDelegate.swift */,
				046CB55123F1125300519A21 /* SceneDelegate.swift */,
				046CB55323F1125300519A21 /* ViewController.swift */,
				046CB55523F1125300519A21 /* Main.storyboard */,
				046CB55B23F1125600519A21 /* Assets.xcassets */,
				046CB55D23F1125600519A21 /* LaunchScreen.storyboard */,
				046CB56023F1125600519A21 /* Info.plist */,
				046CB55823F1125300519A21 /* putraaa.xcdatamodeld */,
			);
			path = putraaa;
			sourceTree = "<group>";
		};
/* End PBXGroup section */

/* Begin PBXNativeTarget section */
		046CB54B23F1125300519A21 /* putraaa */ = {
			isa = PBXNativeTarget;
			buildConfigurationList = 046CB56323F1125600519A21 /* Build configuration list for PBXNativeTarget "putraaa" */;
			buildPhases = (
				046CB54823F1125300519A21 /* Sources */,
				046CB54923F1125300519A21 /* Frameworks */,
				046CB54A23F1125300519A21 /* Resources */,
			);
			buildRules = (
			);
			dependencies = (
			);
			name = putraaa;
			productName = putraaa;
			productReference = 046CB54C23F1125300519A21 /* putraaa.app */;
			productType = "com.apple.product-type.application";
		};
/* End PBXNativeTarget section */

/* Begin PBXProject section */
		046CB54423F1125300519A21 /* Project object */ = {
			isa = PBXProject;
			attributes = {
				LastSwiftUpdateCheck = 1130;
				LastUpgradeCheck = 1130;
				ORGANIZATIONNAME = Mac;
				TargetAttributes = {
					046CB54B23F1125300519A21 = {
						CreatedOnToolsVersion = 11.3.1;
					};
				};
			};
			buildConfigurationList = 046CB54723F1125300519A21 /* Build configuration list for PBXProject "putraaa" */;
			compatibilityVersion = "Xcode 9.3";
			developmentRegion = en;
			hasScannedForEncodings = 0;
			knownRegions = (
				en,
				Base,
			);
			mainGroup = 046CB54323F1125300519A21;
			productRefGroup = 046CB54D23F1125300519A21 /* Products */;
			projectDirPath = "";
			projectRoot = "";
			targets = (
				046CB54B23F1125300519A21 /* putraaa */,
			);
		};
/* End PBXProject section */

/* Begin PBXResourcesBuildPhase section */
		046CB54A23F1125300519A21 /* Resources */ = {
			isa = PBXResourcesBuildPhase;
			buildActionMask = 2147483647;
			files = (
				046CB55F23F1125600519A21 /* LaunchScreen.storyboard in Resources */,
				046CB55C23F1125600519A21 /* Assets.xcassets in Resources */,
				046CB55723F1125300519A21 /* Main.storyboard in Resources */,
			);
			runOnlyForDeploymentPostprocessing = 0;
		};
/* End PBXResourcesBuildPhase section */

/* Begin PBXSourcesBuildPhase section */
		046CB54823F1125300519A21 /* Sources */ = {
			isa = PBXSourcesBuildPhase;
			buildActionMask = 2147483647;
			files = (
				046CB55423F1125300519A21 /* ViewController.swift in Sources */,
				046CB55023F1125300519A21 /* AppDelegate.swift in Sources */,
				046CB55A23F1125300519A21 /* putraaa.xcdatamodeld in Sources */,
				046CB55223F1125300519A21 /* SceneDelegate.swift in Sources */,
			);
			runOnlyForDeploymentPostprocessing = 0;
		};
/* End PBXSourcesBuildPhase section */

/* Begin PBXVariantGroup section */
		046CB55523F1125300519A21 /* Main.storyboard */ = {
			isa = PBXVariantGroup;
			children = (
				046CB55623F1125300519A21 /* Base */,
			);
			name = Main.storyboard;
			sourceTree = "<group>";
		};
		046CB55D23F1125600519A21 /* LaunchScreen.storyboard */ = {
			isa = PBXVariantGroup;
			children = (
				046CB55E23F1125600519A21 /* Base */,
			);
			name = LaunchScreen.storyboard;
			sourceTree = "<group>";
		};
/* End PBXVariantGroup section */

/* Begin XCBuildConfiguration section */
		046CB56123F1125600519A21 /* Debug */ = {
			isa = XCBuildConfiguration;
			buildSettings = {
				ALWAYS_SEARCH_USER_PATHS = NO;
				CLANG_ANALYZER_NONNULL = YES;
				CLANG_ANALYZER_NUMBER_OBJECT_CONVERSION = YES_AGGRESSIVE;
				CLANG_CXX_LANGUAGE_STANDARD = "gnu++14";
				CLANG_CXX_LIBRARY = "libc++";
				CLANG_ENABLE_MODULES = YES;
				CLANG_ENABLE_OBJC_ARC = YES;
				CLANG_ENABLE_OBJC_WEAK = YES;
				CLANG_WARN_BLOCK_CAPTURE_AUTORELEASING = YES;
				CLANG_WARN_BOOL_CONVERSION = YES;
				CLANG_WARN_COMMA = YES;
				CLANG_WARN_CONSTANT_CONVERSION = YES;
				CLANG_WARN_DEPRECATED_OBJC_IMPLEMENTATIONS = YES;
				CLANG_WARN_DIRECT_OBJC_ISA_USAGE = YES_ERROR;
				CLANG_WARN_DOCUMENTATION_COMMENTS = YES;
				CLANG_WARN_EMPTY_BODY = YES;
				CLANG_WARN_ENUM_CONVERSION = YES;
				CLANG_WARN_INFINITE_RECURSION = YES;
				CLANG_WARN_INT_CONVERSION = YES;
				CLANG_WARN_NON_LITERAL_NULL_CONVERSION = YES;
				CLANG_WARN_OBJC_IMPLICIT_RETAIN_SELF = YES;
				CLANG_WARN_OBJC_LITERAL_CONVERSION = YES;
				CLANG_WARN_OBJC_ROOT_CLASS = YES_ERROR;
				CLANG_WARN_RANGE_LOOP_ANALYSIS = YES;
				CLANG_WARN_STRICT_PROTOTYPES = YES;
				CLANG_WARN_SUSPICIOUS_MOVE = YES;
				CLANG_WARN_UNGUARDED_AVAILABILITY = YES_AGGRESSIVE;
				CLANG_WARN_UNREACHABLE_CODE = YES;
				CLANG_WARN__DUPLICATE_METHOD_MATCH = YES;
				COPY_PHASE_STRIP = NO;
				DEBUG_INFORMATION_FORMAT = dwarf;
				ENABLE_STRICT_OBJC_MSGSEND = YES;
				ENABLE_TESTABILITY = YES;
				GCC_C_LANGUAGE_STANDARD = gnu11;
				GCC_DYNAMIC_NO_PIC = NO;
				GCC_NO_COMMON_BLOCKS = YES;
				GCC_OPTIMIZATION_LEVEL = 0;
				GCC_PREPROCESSOR_DEFINITIONS = (
					"DEBUG=1",
					"$(inherited)",
				);
				GCC_WARN_64_TO_32_BIT_CONVERSION = YES;
				GCC_WARN_ABOUT_RETURN_TYPE = YES_ERROR;
				GCC_WARN_UNDECLARED_SELECTOR = YES;
				GCC_WARN_UNINITIALIZED_AUTOS = YES_AGGRESSIVE;
				GCC_WARN_UNUSED_FUNCTION = YES;
				GCC_WARN_UNUSED_VARIABLE = YES;
				IPHONEOS_DEPLOYMENT_TARGET = 13.2;
				MTL_ENABLE_DEBUG_INFO = INCLUDE_SOURCE;
				MTL_FAST_MATH = YES;
				ONLY_ACTIVE_ARCH = YES;
				SDKROOT = iphoneos;
				SWIFT_ACTIVE_COMPILATION_CONDITIONS = DEBUG;
				SWIFT_OPTIMIZATION_LEVEL = "-Onone";
			};
			name = Debug;
		};
		046CB56223F1125600519A21 /* Release */ = {
			isa = XCBuildConfiguration;
			buildSettings = {
				ALWAYS_SEARCH_USER_PATHS = NO;
				CLANG_ANALYZER_NONNULL = YES;
				CLANG_ANALYZER_NUMBER_OBJECT_CONVERSION = YES_AGGRESSIVE;
				CLANG_CXX_LANGUAGE_STANDARD = "gnu++14";
				CLANG_CXX_LIBRARY = "libc++";
				CLANG_ENABLE_MODULES = YES;
				CLANG_ENABLE_OBJC_ARC = YES;
				CLANG_ENABLE_OBJC_WEAK = YES;
				CLANG_WARN_BLOCK_CAPTURE_AUTORELEASING = YES;
				CLANG_WARN_BOOL_CONVERSION = YES;
				CLANG_WARN_COMMA = YES;
				CLANG_WARN_CONSTANT_CONVERSION = YES;
				CLANG_WARN_DEPRECATED_OBJC_IMPLEMENTATIONS = YES;
				CLANG_WARN_DIRECT_OBJC_ISA_USAGE = YES_ERROR;
				CLANG_WARN_DOCUMENTATION_COMMENTS = YES;
				CLANG_WARN_EMPTY_BODY = YES;
				CLANG_WARN_ENUM_CONVERSION = YES;
				CLANG_WARN_INFINITE_RECURSION = YES;
				CLANG_WARN_INT_CONVERSION = YES;
				CLANG_WARN_NON_LITERAL_NULL_CONVERSION = YES;
				CLANG_WARN_OBJC_IMPLICIT_RETAIN_SELF = YES;
				CLANG_WARN_OBJC_LITERAL_CONVERSION = YES;
				CLANG_WARN_OBJC_ROOT_CLASS = YES_ERROR;
				CLANG_WARN_RANGE_LOOP_ANALYSIS = YES;
				CLANG_WARN_STRICT_PROTOTYPES = YES;
				CLANG_WARN_SUSPICIOUS_MOVE = YES;
				CLANG_WARN_UNGUARDED_AVAILABILITY = YES_AGGRESSIVE;
				CLANG_WARN_UNREACHABLE_CODE = YES;
				CLANG_WARN__DUPLICATE_METHOD_MATCH = YES;
				COPY_PHASE_STRIP = NO;
				DEBUG_INFORMATION_FORMAT = "dwarf-with-dsym";
				ENABLE_NS_ASSERTIONS = NO;
				ENABLE_STRICT_OBJC_MSGSEND = YES;
				GCC_C_LANGUAGE_STANDARD = gnu11;
				GCC_NO_COMMON_BLOCKS = YES;
				GCC_WARN_64_TO_32_BIT_CONVERSION = YES;
				GCC_WARN_ABOUT_RETURN_TYPE = YES_ERROR;
				GCC_WARN_UNDECLARED_SELECTOR = YES;
				GCC_WARN_UNINITIALIZED_AUTOS = YES_AGGRESSIVE;
				GCC_WARN_UNUSED_FUNCTION = YES;
				GCC_WARN_UNUSED_VARIABLE = YES;
				IPHONEOS_DEPLOYMENT_TARGET = 13.2;
				MTL_ENABLE_DEBUG_INFO = NO;
				MTL_FAST_MATH = YES;
				SDKROOT = iphoneos;
				SWIFT_COMPILATION_MODE = wholemodule;
				SWIFT_OPTIMIZATION_LEVEL = "-O";
				VALIDATE_PRODUCT = YES;
			};
			name = Release;
		};
		046CB56423F1125600519A21 /* Debug */ = {
			isa = XCBuildConfiguration;
			buildSettings = {
				ASSETCATALOG_COMPILER_APPICON_NAME = AppIcon;
				CODE_SIGN_STYLE = Automatic;
				DEVELOPMENT_TEAM = 6J7P2NWLY6;
				INFOPLIST_FILE = putraaa/Info.plist;
				LD_RUNPATH_SEARCH_PATHS = (
					"$(inherited)",
					"@executable_path/Frameworks",
				);
				PRODUCT_BUNDLE_IDENTIFIER = JohnWck.putraaa;
				PRODUCT_NAME = "$(TARGET_NAME)";
				SWIFT_VERSION = 5.0;
				TARGETED_DEVICE_FAMILY = "1,2";
			};
			name = Debug;
		};
		046CB56523F1125600519A21 /* Release */ = {
			isa = XCBuildConfiguration;
			buildSettings = {
				ASSETCATALOG_COMPILER_APPICON_NAME = AppIcon;
				CODE_SIGN_STYLE = Automatic;
				DEVELOPMENT_TEAM = 6J7P2NWLY6;
				INFOPLIST_FILE = putraaa/Info.plist;
				LD_RUNPATH_SEARCH_PATHS = (
					"$(inherited)",
					"@executable_path/Frameworks",
				);
				PRODUCT_BUNDLE_IDENTIFIER = JohnWck.putraaa;
				PRODUCT_NAME = "$(TARGET_NAME)";
				SWIFT_VERSION = 5.0;
				TARGETED_DEVICE_FAMILY = "1,2";
			};
			name = Release;
		};
/* End XCBuildConfiguration section */

/* Begin XCConfigurationList section */
		046CB54723F1125300519A21 /* Build configuration list for PBXProject "putraaa" */ = {
			isa = XCConfigurationList;
			buildConfigurations = (
				046CB56123F1125600519A21 /* Debug */,
				046CB56223F1125600519A21 /* Release */,
			);
			defaultConfigurationIsVisible = 0;
			defaultConfigurationName = Release;
		};
		046CB56323F1125600519A21 /* Build configuration list for PBXNativeTarget "putraaa" */ = {
			isa = XCConfigurationList;
			buildConfigurations = (
				046CB56423F1125600519A21 /* Debug */,
				046CB56523F1125600519A21 /* Release */,
			);
			defaultConfigurationIsVisible = 0;
			defaultConfigurationName = Release;
		};
/* End XCConfigurationList section */

/* Begin XCVersionGroup section */
		046CB55823F1125300519A21 /* putraaa.xcdatamodeld */ = {
			isa = XCVersionGroup;
			children = (
				046CB55923F1125300519A21 /* putraaa.xcdatamodel */,
			);
			currentVersion = 046CB55923F1125300519A21 /* putraaa.xcdatamodel */;
			path = putraaa.xcdatamodeld;
			sourceTree = "<group>";
			versionGroupType = wrapper.xcdatamodel;
		};
/* End XCVersionGroup section */
	};
	rootObject = 046CB54423F1125300519A21 /* Project object */;
}
